// !$*UTF8*$!
{
	archiveVersion = 1;
	classes = {
	};
	objectVersion = 50;
	objects = {

/* Begin PBXBuildFile section */
		669723DA262942D3001E5D38 /* AppDelegate.swift in Sources */ = {isa = PBXBuildFile; fileRef = 669723D9262942D3001E5D38 /* AppDelegate.swift */; };
		669723DC262942D3001E5D38 /* SceneDelegate.swift in Sources */ = {isa = PBXBuildFile; fileRef = 669723DB262942D3001E5D38 /* SceneDelegate.swift */; };
		669723DE262942D3001E5D38 /* ViewController.swift in Sources */ = {isa = PBXBuildFile; fileRef = 669723DD262942D3001E5D38 /* ViewController.swift */; };
		669723E1262942D3001E5D38 /* Main.storyboard in Resources */ = {isa = PBXBuildFile; fileRef = 669723DF262942D3001E5D38 /* Main.storyboard */; };
		669723E4262942D3001E5D38 /* DemoExpandCell.xcdatamodeld in Sources */ = {isa = PBXBuildFile; fileRef = 669723E2262942D3001E5D38 /* DemoExpandCell.xcdatamodeld */; };
		669723E6262942D6001E5D38 /* Assets.xcassets in Resources */ = {isa = PBXBuildFile; fileRef = 669723E5262942D6001E5D38 /* Assets.xcassets */; };
		669723E9262942D6001E5D38 /* LaunchScreen.storyboard in Resources */ = {isa = PBXBuildFile; fileRef = 669723E7262942D6001E5D38 /* LaunchScreen.storyboard */; };
		66B13A02262E9F030052360C /* ExpandCell.swift in Sources */ = {isa = PBXBuildFile; fileRef = 66B13A00262E9F030052360C /* ExpandCell.swift */; };
		66B13A03262E9F030052360C /* ExpandCell.xib in Resources */ = {isa = PBXBuildFile; fileRef = 66B13A01262E9F030052360C /* ExpandCell.xib */; };
/* End PBXBuildFile section */

/* Begin PBXFileReference section */
		669723D6262942D3001E5D38 /* DemoExpandCell.app */ = {isa = PBXFileReference; explicitFileType = wrapper.application; includeInIndex = 0; path = DemoExpandCell.app; sourceTree = BUILT_PRODUCTS_DIR; };
		669723D9262942D3001E5D38 /* AppDelegate.swift */ = {isa = PBXFileReference; lastKnownFileType = sourcecode.swift; path = AppDelegate.swift; sourceTree = "<group>"; };
		669723DB262942D3001E5D38 /* SceneDelegate.swift */ = {isa = PBXFileReference; lastKnownFileType = sourcecode.swift; path = SceneDelegate.swift; sourceTree = "<group>"; };
		669723DD262942D3001E5D38 /* ViewController.swift */ = {isa = PBXFileReference; lastKnownFileType = sourcecode.swift; path = ViewController.swift; sourceTree = "<group>"; };
		669723E0262942D3001E5D38 /* Base */ = {isa = PBXFileReference; lastKnownFileType = file.storyboard; name = Base; path = Base.lproj/Main.storyboard; sourceTree = "<group>"; };
		669723E3262942D3001E5D38 /* DemoExpandCell.xcdatamodel */ = {isa = PBXFileReference; lastKnownFileType = wrapper.xcdatamodel; path = DemoExpandCell.xcdatamodel; sourceTree = "<group>"; };
		669723E5262942D6001E5D38 /* Assets.xcassets */ = {isa = PBXFileReference; lastKnownFileType = folder.assetcatalog; path = Assets.xcassets; sourceTree = "<group>"; };
		669723E8262942D6001E5D38 /* Base */ = {isa = PBXFileReference; lastKnownFileType = file.storyboard; name = Base; path = Base.lproj/LaunchScreen.storyboard; sourceTree = "<group>"; };
		669723EA262942D6001E5D38 /* Info.plist */ = {isa = PBXFileReference; lastKnownFileType = text.plist.xml; path = Info.plist; sourceTree = "<group>"; };
		66B13A00262E9F030052360C /* ExpandCell.swift */ = {isa = PBXFileReference; lastKnownFileType = sourcecode.swift; path = ExpandCell.swift; sourceTree = "<group>"; };
		66B13A01262E9F030052360C /* ExpandCell.xib */ = {isa = PBXFileReference; lastKnownFileType = file.xib; path = ExpandCell.xib; sourceTree = "<group>"; };
/* End PBXFileReference section */

/* Begin PBXFrameworksBuildPhase section */
		669723D3262942D3001E5D38 /* Frameworks */ = {
			isa = PBXFrameworksBuildPhase;
			buildActionMask = 2147483647;
			files = (
			);
			runOnlyForDeploymentPostprocessing = 0;
		};
/* End PBXFrameworksBuildPhase section */

/* Begin PBXGroup section */
		669723CD262942D3001E5D38 = {
			isa = PBXGroup;
			children = (
				669723D8262942D3001E5D38 /* DemoExpandCell */,
				669723D7262942D3001E5D38 /* Products */,
			);
			sourceTree = "<group>";
		};
		669723D7262942D3001E5D38 /* Products */ = {
			isa = PBXGroup;
			children = (
				669723D6262942D3001E5D38 /* DemoExpandCell.app */,
			);
			name = Products;
			sourceTree = "<group>";
		};
		669723D8262942D3001E5D38 /* DemoExpandCell */ = {
			isa = PBXGroup;
			children = (
				669723D9262942D3001E5D38 /* AppDelegate.swift */,
				669723DB262942D3001E5D38 /* SceneDelegate.swift */,
				669723DD262942D3001E5D38 /* ViewController.swift */,
				669723DF262942D3001E5D38 /* Main.storyboard */,
				66B13A00262E9F030052360C /* ExpandCell.swift */,
				66B13A01262E9F030052360C /* ExpandCell.xib */,
				669723E5262942D6001E5D38 /* Assets.xcassets */,
				669723E7262942D6001E5D38 /* LaunchScreen.storyboard */,
				669723EA262942D6001E5D38 /* Info.plist */,
				669723E2262942D3001E5D38 /* DemoExpandCell.xcdatamodeld */,
			);
			path = DemoExpandCell;
			sourceTree = "<group>";
		};
/* End PBXGroup section */

/* Begin PBXNativeTarget section */
		669723D5262942D3001E5D38 /* DemoExpandCell */ = {
			isa = PBXNativeTarget;
			buildConfigurationList = 669723ED262942D6001E5D38 /* Build configuration list for PBXNativeTarget "DemoExpandCell" */;
			buildPhases = (
				669723D2262942D3001E5D38 /* Sources */,
				669723D3262942D3001E5D38 /* Frameworks */,
				669723D4262942D3001E5D38 /* Resources */,
			);
			buildRules = (
			);
			dependencies = (
			);
			name = DemoExpandCell;
			productName = DemoExpandCell;
			productReference = 669723D6262942D3001E5D38 /* DemoExpandCell.app */;
			productType = "com.apple.product-type.application";
		};
/* End PBXNativeTarget section */

/* Begin PBXProject section */
		669723CE262942D3001E5D38 /* Project object */ = {
			isa = PBXProject;
			attributes = {
				LastSwiftUpdateCheck = 1240;
				LastUpgradeCheck = 1240;
				TargetAttributes = {
					669723D5262942D3001E5D38 = {
						CreatedOnToolsVersion = 12.4;
					};
				};
			};
			buildConfigurationList = 669723D1262942D3001E5D38 /* Build configuration list for PBXProject "DemoExpandCell" */;
			compatibilityVersion = "Xcode 9.3";
			developmentRegion = en;
			hasScannedForEncodings = 0;
			knownRegions = (
				en,
				Base,
			);
			mainGroup = 669723CD262942D3001E5D38;
			productRefGroup = 669723D7262942D3001E5D38 /* Products */;
			projectDirPath = "";
			projectRoot = "";
			targets = (
				669723D5262942D3001E5D38 /* DemoExpandCell */,
			);
		};
/* End PBXProject section */

/* Begin PBXResourcesBuildPhase section */
		669723D4262942D3001E5D38 /* Resources */ = {
			isa = PBXResourcesBuildPhase;
			buildActionMask = 2147483647;
			files = (
				669723E9262942D6001E5D38 /* LaunchScreen.storyboard in Resources */,
				669723E6262942D6001E5D38 /* Assets.xcassets in Resources */,
				669723E1262942D3001E5D38 /* Main.storyboard in Resources */,
				66B13A03262E9F030052360C /* ExpandCell.xib in Resources */,
			);
			runOnlyForDeploymentPostprocessing = 0;
		};
/* End PBXResourcesBuildPhase section */

/* Begin PBXSourcesBuildPhase section */
		669723D2262942D3001E5D38 /* Sources */ = {
			isa = PBXSourcesBuildPhase;
			buildActionMask = 2147483647;
			files = (
				669723E4262942D3001E5D38 /* DemoExpandCell.xcdatamodeld in Sources */,
				669723DE262942D3001E5D38 /* ViewController.swift in Sources */,
				66B13A02262E9F030052360C /* ExpandCell.swift in Sources */,
				669723DA262942D3001E5D38 /* AppDelegate.swift in Sources */,
				669723DC262942D3001E5D38 /* SceneDelegate.swift in Sources */,
			);
			runOnlyForDeploymentPostprocessing = 0;
		};
/* End PBXSourcesBuildPhase section */

/* Begin PBXVariantGroup section */
		669723DF262942D3001E5D38 /* Main.storyboard */ = {
			isa = PBXVariantGroup;
			children = (
				669723E0262942D3001E5D38 /* Base */,
			);
			name = Main.storyboard;
			sourceTree = "<group>";
		};
		669723E7262942D6001E5D38 /* LaunchScreen.storyboard */ = {
			isa = PBXVariantGroup;
			children = (
				669723E8262942D6001E5D38 /* Base */,
			);
			name = LaunchScreen.storyboard;
			sourceTree = "<group>";
		};
/* End PBXVariantGroup section */

/* Begin XCBuildConfiguration section */
		669723EB262942D6001E5D38 /* Debug */ = {
			isa = XCBuildConfiguration;
			buildSettings = {
				ALWAYS_SEARCH_USER_PATHS = NO;
				CLANG_ANALYZER_NONNULL = YES;
				CLANG_ANALYZER_NUMBER_OBJECT_CONVERSION = YES_AGGRESSIVE;
				CLANG_CXX_LANGUAGE_STANDARD = "gnu++14";
				CLANG_CXX_LIBRARY = "libc++";
				CLANG_ENABLE_MODULES = YES;
				CLANG_ENABLE_OBJC_ARC = YES;
				CLANG_ENABLE_OBJC_WEAK = YES;
				CLANG_WARN_BLOCK_CAPTURE_AUTORELEASING = YES;
				CLANG_WARN_BOOL_CONVERSION = YES;
				CLANG_WARN_COMMA = YES;
				CLANG_WARN_CONSTANT_CONVERSION = YES;
				CLANG_WARN_DEPRECATED_OBJC_IMPLEMENTATIONS = YES;
				CLANG_WARN_DIRECT_OBJC_ISA_USAGE = YES_ERROR;
				CLANG_WARN_DOCUMENTATION_COMMENTS = YES;
				CLANG_WARN_EMPTY_BODY = YES;
				CLANG_WARN_ENUM_CONVERSION = YES;
				CLANG_WARN_INFINITE_RECURSION = YES;
				CLANG_WARN_INT_CONVERSION = YES;
				CLANG_WARN_NON_LITERAL_NULL_CONVERSION = YES;
				CLANG_WARN_OBJC_IMPLICIT_RETAIN_SELF = YES;
				CLANG_WARN_OBJC_LITERAL_CONVERSION = YES;
				CLANG_WARN_OBJC_ROOT_CLASS = YES_ERROR;
				CLANG_WARN_QUOTED_INCLUDE_IN_FRAMEWORK_HEADER = YES;
				CLANG_WARN_RANGE_LOOP_ANALYSIS = YES;
				CLANG_WARN_STRICT_PROTOTYPES = YES;
				CLANG_WARN_SUSPICIOUS_MOVE = YES;
				CLANG_WARN_UNGUARDED_AVAILABILITY = YES_AGGRESSIVE;
				CLANG_WARN_UNREACHABLE_CODE = YES;
				CLANG_WARN__DUPLICATE_METHOD_MATCH = YES;
				COPY_PHASE_STRIP = NO;
				DEBUG_INFORMATION_FORMAT = dwarf;
				ENABLE_STRICT_OBJC_MSGSEND = YES;
				ENABLE_TESTABILITY = YES;
				GCC_C_LANGUAGE_STANDARD = gnu11;
				GCC_DYNAMIC_NO_PIC = NO;
				GCC_NO_COMMON_BLOCKS = YES;
				GCC_OPTIMIZATION_LEVEL = 0;
				GCC_PREPROCESSOR_DEFINITIONS = (
					"DEBUG=1",
					"$(inherited)",
				);
				GCC_WARN_64_TO_32_BIT_CONVERSION = YES;
				GCC_WARN_ABOUT_RETURN_TYPE = YES_ERROR;
				GCC_WARN_UNDECLARED_SELECTOR = YES;
				GCC_WARN_UNINITIALIZED_AUTOS = YES_AGGRESSIVE;
				GCC_WARN_UNUSED_FUNCTION = YES;
				GCC_WARN_UNUSED_VARIABLE = YES;
				IPHONEOS_DEPLOYMENT_TARGET = 14.4;
				MTL_ENABLE_DEBUG_INFO = INCLUDE_SOURCE;
				MTL_FAST_MATH = YES;
				ONLY_ACTIVE_ARCH = YES;
				SDKROOT = iphoneos;
				SWIFT_ACTIVE_COMPILATION_CONDITIONS = DEBUG;
				SWIFT_OPTIMIZATION_LEVEL = "-Onone";
			};
			name = Debug;
		};
		669723EC262942D6001E5D38 /* Release */ = {
			isa = XCBuildConfiguration;
			buildSettings = {
				ALWAYS_SEARCH_USER_PATHS = NO;
				CLANG_ANALYZER_NONNULL = YES;
				CLANG_ANALYZER_NUMBER_OBJECT_CONVERSION = YES_AGGRESSIVE;
				CLANG_CXX_LANGUAGE_STANDARD = "gnu++14";
				CLANG_CXX_LIBRARY = "libc++";
				CLANG_ENABLE_MODULES = YES;
				CLANG_ENABLE_OBJC_ARC = YES;
				CLANG_ENABLE_OBJC_WEAK = YES;
				CLANG_WARN_BLOCK_CAPTURE_AUTORELEASING = YES;
				CLANG_WARN_BOOL_CONVERSION = YES;
				CLANG_WARN_COMMA = YES;
				CLANG_WARN_CONSTANT_CONVERSION = YES;
				CLANG_WARN_DEPRECATED_OBJC_IMPLEMENTATIONS = YES;
				CLANG_WARN_DIRECT_OBJC_ISA_USAGE = YES_ERROR;
				CLANG_WARN_DOCUMENTATION_COMMENTS = YES;
				CLANG_WARN_EMPTY_BODY = YES;
				CLANG_WARN_ENUM_CONVERSION = YES;
				CLANG_WARN_INFINITE_RECURSION = YES;
				CLANG_WARN_INT_CONVERSION = YES;
				CLANG_WARN_NON_LITERAL_NULL_CONVERSION = YES;
				CLANG_WARN_OBJC_IMPLICIT_RETAIN_SELF = YES;
				CLANG_WARN_OBJC_LITERAL_CONVERSION = YES;
				CLANG_WARN_OBJC_ROOT_CLASS = YES_ERROR;
				CLANG_WARN_QUOTED_INCLUDE_IN_FRAMEWORK_HEADER = YES;
				CLANG_WARN_RANGE_LOOP_ANALYSIS = YES;
				CLANG_WARN_STRICT_PROTOTYPES = YES;
				CLANG_WARN_SUSPICIOUS_MOVE = YES;
				CLANG_WARN_UNGUARDED_AVAILABILITY = YES_AGGRESSIVE;
				CLANG_WARN_UNREACHABLE_CODE = YES;
				CLANG_WARN__DUPLICATE_METHOD_MATCH = YES;
				COPY_PHASE_STRIP = NO;
				DEBUG_INFORMATION_FORMAT = "dwarf-with-dsym";
				ENABLE_NS_ASSERTIONS = NO;
				ENABLE_STRICT_OBJC_MSGSEND = YES;
				GCC_C_LANGUAGE_STANDARD = gnu11;
				GCC_NO_COMMON_BLOCKS = YES;
				GCC_WARN_64_TO_32_BIT_CONVERSION = YES;
				GCC_WARN_ABOUT_RETURN_TYPE = YES_ERROR;
				GCC_WARN_UNDECLARED_SELECTOR = YES;
				GCC_WARN_UNINITIALIZED_AUTOS = YES_AGGRESSIVE;
				GCC_WARN_UNUSED_FUNCTION = YES;
				GCC_WARN_UNUSED_VARIABLE = YES;
				IPHONEOS_DEPLOYMENT_TARGET = 14.4;
				MTL_ENABLE_DEBUG_INFO = NO;
				MTL_FAST_MATH = YES;
				SDKROOT = iphoneos;
				SWIFT_COMPILATION_MODE = wholemodule;
				SWIFT_OPTIMIZATION_LEVEL = "-O";
				VALIDATE_PRODUCT = YES;
			};
			name = Release;
		};
		669723EE262942D6001E5D38 /* Debug */ = {
			isa = XCBuildConfiguration;
			buildSettings = {
				ASSETCATALOG_COMPILER_APPICON_NAME = AppIcon;
				ASSETCATALOG_COMPILER_GLOBAL_ACCENT_COLOR_NAME = AccentColor;
				CODE_SIGN_STYLE = Automatic;
				DEVELOPMENT_TEAM = T9F2Y7U5EF;
				INFOPLIST_FILE = DemoExpandCell/Info.plist;
				LD_RUNPATH_SEARCH_PATHS = (
					"$(inherited)",
					"@executable_path/Frameworks",
				);
				PRODUCT_BUNDLE_IDENTIFIER = com.phenixcrime.DemoExpandCell;
				PRODUCT_NAME = "$(TARGET_NAME)";
				SWIFT_VERSION = 5.0;
				TARGETED_DEVICE_FAMILY = "1,2";
			};
			name = Debug;
		};
		669723EF262942D6001E5D38 /* Release */ = {
			isa = XCBuildConfiguration;
			buildSettings = {
				ASSETCATALOG_COMPILER_APPICON_NAME = AppIcon;
				ASSETCATALOG_COMPILER_GLOBAL_ACCENT_COLOR_NAME = AccentColor;
				CODE_SIGN_STYLE = Automatic;
				DEVELOPMENT_TEAM = T9F2Y7U5EF;
				INFOPLIST_FILE = DemoExpandCell/Info.plist;
				LD_RUNPATH_SEARCH_PATHS = (
					"$(inherited)",
					"@executable_path/Frameworks",
				);
				PRODUCT_BUNDLE_IDENTIFIER = com.phenixcrime.DemoExpandCell;
				PRODUCT_NAME = "$(TARGET_NAME)";
				SWIFT_VERSION = 5.0;
				TARGETED_DEVICE_FAMILY = "1,2";
			};
			name = Release;
		};
/* End XCBuildConfiguration section */

/* Begin XCConfigurationList section */
		669723D1262942D3001E5D38 /* Build configuration list for PBXProject "DemoExpandCell" */ = {
			isa = XCConfigurationList;
			buildConfigurations = (
				669723EB262942D6001E5D38 /* Debug */,
				669723EC262942D6001E5D38 /* Release */,
			);
			defaultConfigurationIsVisible = 0;
			defaultConfigurationName = Release;
		};
		669723ED262942D6001E5D38 /* Build configuration list for PBXNativeTarget "DemoExpandCell" */ = {
			isa = XCConfigurationList;
			buildConfigurations = (
				669723EE262942D6001E5D38 /* Debug */,
				669723EF262942D6001E5D38 /* Release */,
			);
			defaultConfigurationIsVisible = 0;
			defaultConfigurationName = Release;
		};
/* End XCConfigurationList section */

/* Begin XCVersionGroup section */
		669723E2262942D3001E5D38 /* DemoExpandCell.xcdatamodeld */ = {
			isa = XCVersionGroup;
			children = (
				669723E3262942D3001E5D38 /* DemoExpandCell.xcdatamodel */,
			);
			currentVersion = 669723E3262942D3001E5D38 /* DemoExpandCell.xcdatamodel */;
			path = DemoExpandCell.xcdatamodeld;
			sourceTree = "<group>";
			versionGroupType = wrapper.xcdatamodel;
		};
/* End XCVersionGroup section */
	};
	rootObject = 669723CE262942D3001E5D38 /* Project object */;
}
